
Microsoft Visual Studio Solution File, Format Version 12.00
# Visual Studio 15
VisualStudioVersion = 15.0.28307.489
MinimumVisualStudioVersion = 10.0.40219.1
Project("{FAE04EC0-301F-11D3-BF4B-00C04F79EFBC}") = "StudentExercisesMVC", "StudentExercisesMVC\StudentExercisesMVC.csproj", "{D50DC556-3D1E-49B9-A02B-0F29C967671D}"
EndProject
Global
	GlobalSection(SolutionConfigurationPlatforms) = preSolution
		Debug|Any CPU = Debug|Any CPU
		Release|Any CPU = Release|Any CPU
	EndGlobalSection
	GlobalSection(ProjectConfigurationPlatforms) = postSolution
		{D50DC556-3D1E-49B9-A02B-0F29C967671D}.Debug|Any CPU.ActiveCfg = Debug|Any CPU
		{D50DC556-3D1E-49B9-A02B-0F29C967671D}.Debug|Any CPU.Build.0 = Debug|Any CPU
		{D50DC556-3D1E-49B9-A02B-0F29C967671D}.Release|Any CPU.ActiveCfg = Release|Any CPU
		{D50DC556-3D1E-49B9-A02B-0F29C967671D}.Release|Any CPU.Build.0 = Release|Any CPU
	EndGlobalSection
	GlobalSection(SolutionProperties) = preSolution
		HideSolutionNode = FALSE
	EndGlobalSection
	GlobalSection(ExtensibilityGlobals) = postSolution
		SolutionGuid = {FDFCB18A-0D13-43F3-BA29-76837EC78B55}
	EndGlobalSection
EndGlobal
